
Microsoft Visual Studio Solution File, Format Version 12.00
# Visual Studio Version 16
VisualStudioVersion = 16.0.31112.23
MinimumVisualStudioVersion = 10.0.40219.1
Project("{2150E333-8FDC-42A3-9474-1A3956D46DE8}") = "A01 Infrastructure", "A01 Infrastructure", "{7681E07F-A990-4D3A-88C1-500DE0FAC94E}"
EndProject
Project("{2150E333-8FDC-42A3-9474-1A3956D46DE8}") = "A02 DataBase", "A02 DataBase", "{255D6D7D-9815-4B63-9AF0-58BE20B58FD0}"
EndProject
Project("{2150E333-8FDC-42A3-9474-1A3956D46DE8}") = "A03 MiddleModule", "A03 MiddleModule", "{D100D1CC-032C-41C6-9C5E-A71A94A38FAE}"
EndProject
Project("{2150E333-8FDC-42A3-9474-1A3956D46DE8}") = "A04 GlobalSupport", "A04 GlobalSupport", "{CFB974A7-0C00-4A87-AFBE-7FDBF6BA9A2D}"
EndProject
Project("{2150E333-8FDC-42A3-9474-1A3956D46DE8}") = "B01 DBInstance", "B01 DBInstance", "{C56BA060-109C-44D2-BC39-7BC57476394F}"
EndProject
Project("{2150E333-8FDC-42A3-9474-1A3956D46DE8}") = "C01 Demo4WebApi", "C01 Demo4WebApi", "{86ACE684-81FD-41D3-B707-5A8494F9830E}"
EndProject
Project("{9A19103F-16F7-4668-BE54-9A1E7A4F7556}") = "Spear.Inf.Core", "..\A01 Infrastructure\Spear.Inf.Core\Spear.Inf.Core.csproj", "{36FBFB27-4FBB-423F-B9CF-1D15DF621D89}"
EndProject
Project("{9A19103F-16F7-4668-BE54-9A1E7A4F7556}") = "Spear.DataBase.EF", "..\A02 DataBase\Spear.DataBase.EF\Spear.DataBase.EF.csproj", "{F1F271DC-C1C5-4335-96C5-6A3EEC7D1976}"
EndProject
Project("{9A19103F-16F7-4668-BE54-9A1E7A4F7556}") = "Spear.MidM.Logger", "..\A03 MiddleModule\Spear.MidM.Logger\Spear.MidM.Logger.csproj", "{96CD29F6-D3CE-438F-A2D0-5435B79B2DEA}"
EndProject
Project("{9A19103F-16F7-4668-BE54-9A1E7A4F7556}") = "Spear.MidM.Swagger", "..\A03 MiddleModule\Spear.MidM.Swagger\Spear.MidM.Swagger.csproj", "{7A11E0A9-E3E0-4D76-BCFD-F1EB0CE67A4C}"
EndProject
Project("{9A19103F-16F7-4668-BE54-9A1E7A4F7556}") = "Spear.DBIns.Stainless", "..\B01 DBInstance\Spear.DBIns.Stainless\Spear.DBIns.Stainless.csproj", "{65E1BDDD-D111-4A01-AA99-BE1BAA907586}"
EndProject
Project("{2150E333-8FDC-42A3-9474-1A3956D46DE8}") = "02 Base", "02 Base", "{688C1503-F609-4A1A-9364-0C167D4BDB6B}"
EndProject
Project("{2150E333-8FDC-42A3-9474-1A3956D46DE8}") = "03 Host", "03 Host", "{EAA941FA-9DA3-431F-878C-9F79731D5B14}"
EndProject
Project("{2150E333-8FDC-42A3-9474-1A3956D46DE8}") = "04 Contract", "04 Contract", "{A5E7803E-48B7-4634-888D-B32B97B6F045}"
EndProject
Project("{2150E333-8FDC-42A3-9474-1A3956D46DE8}") = "5 Implement", "5 Implement", "{3AE4095C-AA3E-45BF-810D-D2FB6F8AA20D}"
EndProject
Project("{9A19103F-16F7-4668-BE54-9A1E7A4F7556}") = "Spear.Demo4WebApi.Repository", "Spear.Demo4WebApi.Repository\Spear.Demo4WebApi.Repository.csproj", "{C457F3E9-36BB-441D-9381-4F1D595291DE}"
EndProject
Project("{9A19103F-16F7-4668-BE54-9A1E7A4F7556}") = "Spear.Demo4WebApi.Contract", "Spear.Demo4WebApi.Contract\Spear.Demo4WebApi.Contract.csproj", "{C1C521AC-0C8E-432B-8AFC-355F72910858}"
EndProject
Project("{9A19103F-16F7-4668-BE54-9A1E7A4F7556}") = "Spear.Demo4WebApi.IMPL", "Spear.Demo4WebApi.IMPL\Spear.Demo4WebApi.IMPL.csproj", "{D0E86BDB-23E4-4329-97B2-0211BEC9B36D}"
EndProject
Project("{9A19103F-16F7-4668-BE54-9A1E7A4F7556}") = "Spear.Demo4WebApi.Host", "Spear.Demo4WebApi.Host\Spear.Demo4WebApi.Host.csproj", "{BDF5D7A4-50D7-4F9D-BCA1-4BAA8EF73C82}"
EndProject
Project("{9A19103F-16F7-4668-BE54-9A1E7A4F7556}") = "Spear.GlobalSupport.Base", "..\A04 GlobalSupport\Spear.GlobalSupport.Base\Spear.GlobalSupport.Base.csproj", "{105C6977-56C8-4ED7-95E1-03DAD2432C39}"
EndProject
Project("{9A19103F-16F7-4668-BE54-9A1E7A4F7556}") = "Spear.Demo4WebApi.Base", "Spear.Demo4WebApi.Base\Spear.Demo4WebApi.Base.csproj", "{EED8B9DC-755F-4A58-AC7D-55FB24E1A093}"
EndProject
Project("{2150E333-8FDC-42A3-9474-1A3956D46DE8}") = "01 DBInstance", "01 DBInstance", "{F2B8801E-2C7B-4EFC-9391-EE576B0A8176}"
EndProject
Global
	GlobalSection(SolutionConfigurationPlatforms) = preSolution
		Debug|Any CPU = Debug|Any CPU
		Release|Any CPU = Release|Any CPU
	EndGlobalSection
	GlobalSection(ProjectConfigurationPlatforms) = postSolution
		{36FBFB27-4FBB-423F-B9CF-1D15DF621D89}.Debug|Any CPU.ActiveCfg = Debug|Any CPU
		{36FBFB27-4FBB-423F-B9CF-1D15DF621D89}.Debug|Any CPU.Build.0 = Debug|Any CPU
		{36FBFB27-4FBB-423F-B9CF-1D15DF621D89}.Release|Any CPU.ActiveCfg = Release|Any CPU
		{36FBFB27-4FBB-423F-B9CF-1D15DF621D89}.Release|Any CPU.Build.0 = Release|Any CPU
		{F1F271DC-C1C5-4335-96C5-6A3EEC7D1976}.Debug|Any CPU.ActiveCfg = Debug|Any CPU
		{F1F271DC-C1C5-4335-96C5-6A3EEC7D1976}.Debug|Any CPU.Build.0 = Debug|Any CPU
		{F1F271DC-C1C5-4335-96C5-6A3EEC7D1976}.Release|Any CPU.ActiveCfg = Release|Any CPU
		{F1F271DC-C1C5-4335-96C5-6A3EEC7D1976}.Release|Any CPU.Build.0 = Release|Any CPU
		{96CD29F6-D3CE-438F-A2D0-5435B79B2DEA}.Debug|Any CPU.ActiveCfg = Debug|Any CPU
		{96CD29F6-D3CE-438F-A2D0-5435B79B2DEA}.Debug|Any CPU.Build.0 = Debug|Any CPU
		{96CD29F6-D3CE-438F-A2D0-5435B79B2DEA}.Release|Any CPU.ActiveCfg = Release|Any CPU
		{96CD29F6-D3CE-438F-A2D0-5435B79B2DEA}.Release|Any CPU.Build.0 = Release|Any CPU
		{7A11E0A9-E3E0-4D76-BCFD-F1EB0CE67A4C}.Debug|Any CPU.ActiveCfg = Debug|Any CPU
		{7A11E0A9-E3E0-4D76-BCFD-F1EB0CE67A4C}.Debug|Any CPU.Build.0 = Debug|Any CPU
		{7A11E0A9-E3E0-4D76-BCFD-F1EB0CE67A4C}.Release|Any CPU.ActiveCfg = Release|Any CPU
		{7A11E0A9-E3E0-4D76-BCFD-F1EB0CE67A4C}.Release|Any CPU.Build.0 = Release|Any CPU
		{65E1BDDD-D111-4A01-AA99-BE1BAA907586}.Debug|Any CPU.ActiveCfg = Debug|Any CPU
		{65E1BDDD-D111-4A01-AA99-BE1BAA907586}.Debug|Any CPU.Build.0 = Debug|Any CPU
		{65E1BDDD-D111-4A01-AA99-BE1BAA907586}.Release|Any CPU.ActiveCfg = Release|Any CPU
		{65E1BDDD-D111-4A01-AA99-BE1BAA907586}.Release|Any CPU.Build.0 = Release|Any CPU
		{C457F3E9-36BB-441D-9381-4F1D595291DE}.Debug|Any CPU.ActiveCfg = Debug|Any CPU
		{C457F3E9-36BB-441D-9381-4F1D595291DE}.Debug|Any CPU.Build.0 = Debug|Any CPU
		{C457F3E9-36BB-441D-9381-4F1D595291DE}.Release|Any CPU.ActiveCfg = Release|Any CPU
		{C457F3E9-36BB-441D-9381-4F1D595291DE}.Release|Any CPU.Build.0 = Release|Any CPU
		{C1C521AC-0C8E-432B-8AFC-355F72910858}.Debug|Any CPU.ActiveCfg = Debug|Any CPU
		{C1C521AC-0C8E-432B-8AFC-355F72910858}.Debug|Any CPU.Build.0 = Debug|Any CPU
		{C1C521AC-0C8E-432B-8AFC-355F72910858}.Release|Any CPU.ActiveCfg = Release|Any CPU
		{C1C521AC-0C8E-432B-8AFC-355F72910858}.Release|Any CPU.Build.0 = Release|Any CPU
		{D0E86BDB-23E4-4329-97B2-0211BEC9B36D}.Debug|Any CPU.ActiveCfg = Debug|Any CPU
		{D0E86BDB-23E4-4329-97B2-0211BEC9B36D}.Debug|Any CPU.Build.0 = Debug|Any CPU
		{D0E86BDB-23E4-4329-97B2-0211BEC9B36D}.Release|Any CPU.ActiveCfg = Release|Any CPU
		{D0E86BDB-23E4-4329-97B2-0211BEC9B36D}.Release|Any CPU.Build.0 = Release|Any CPU
		{BDF5D7A4-50D7-4F9D-BCA1-4BAA8EF73C82}.Debug|Any CPU.ActiveCfg = Debug|Any CPU
		{BDF5D7A4-50D7-4F9D-BCA1-4BAA8EF73C82}.Debug|Any CPU.Build.0 = Debug|Any CPU
		{BDF5D7A4-50D7-4F9D-BCA1-4BAA8EF73C82}.Release|Any CPU.ActiveCfg = Release|Any CPU
		{BDF5D7A4-50D7-4F9D-BCA1-4BAA8EF73C82}.Release|Any CPU.Build.0 = Release|Any CPU
		{105C6977-56C8-4ED7-95E1-03DAD2432C39}.Debug|Any CPU.ActiveCfg = Debug|Any CPU
		{105C6977-56C8-4ED7-95E1-03DAD2432C39}.Debug|Any CPU.Build.0 = Debug|Any CPU
		{105C6977-56C8-4ED7-95E1-03DAD2432C39}.Release|Any CPU.ActiveCfg = Release|Any CPU
		{105C6977-56C8-4ED7-95E1-03DAD2432C39}.Release|Any CPU.Build.0 = Release|Any CPU
		{EED8B9DC-755F-4A58-AC7D-55FB24E1A093}.Debug|Any CPU.ActiveCfg = Debug|Any CPU
		{EED8B9DC-755F-4A58-AC7D-55FB24E1A093}.Debug|Any CPU.Build.0 = Debug|Any CPU
		{EED8B9DC-755F-4A58-AC7D-55FB24E1A093}.Release|Any CPU.ActiveCfg = Release|Any CPU
		{EED8B9DC-755F-4A58-AC7D-55FB24E1A093}.Release|Any CPU.Build.0 = Release|Any CPU
	EndGlobalSection
	GlobalSection(SolutionProperties) = preSolution
		HideSolutionNode = FALSE
	EndGlobalSection
	GlobalSection(NestedProjects) = preSolution
		{36FBFB27-4FBB-423F-B9CF-1D15DF621D89} = {7681E07F-A990-4D3A-88C1-500DE0FAC94E}
		{F1F271DC-C1C5-4335-96C5-6A3EEC7D1976} = {255D6D7D-9815-4B63-9AF0-58BE20B58FD0}
		{96CD29F6-D3CE-438F-A2D0-5435B79B2DEA} = {D100D1CC-032C-41C6-9C5E-A71A94A38FAE}
		{7A11E0A9-E3E0-4D76-BCFD-F1EB0CE67A4C} = {D100D1CC-032C-41C6-9C5E-A71A94A38FAE}
		{65E1BDDD-D111-4A01-AA99-BE1BAA907586} = {C56BA060-109C-44D2-BC39-7BC57476394F}
		{688C1503-F609-4A1A-9364-0C167D4BDB6B} = {86ACE684-81FD-41D3-B707-5A8494F9830E}
		{EAA941FA-9DA3-431F-878C-9F79731D5B14} = {86ACE684-81FD-41D3-B707-5A8494F9830E}
		{A5E7803E-48B7-4634-888D-B32B97B6F045} = {86ACE684-81FD-41D3-B707-5A8494F9830E}
		{3AE4095C-AA3E-45BF-810D-D2FB6F8AA20D} = {86ACE684-81FD-41D3-B707-5A8494F9830E}
		{C457F3E9-36BB-441D-9381-4F1D595291DE} = {F2B8801E-2C7B-4EFC-9391-EE576B0A8176}
		{C1C521AC-0C8E-432B-8AFC-355F72910858} = {A5E7803E-48B7-4634-888D-B32B97B6F045}
		{D0E86BDB-23E4-4329-97B2-0211BEC9B36D} = {3AE4095C-AA3E-45BF-810D-D2FB6F8AA20D}
		{BDF5D7A4-50D7-4F9D-BCA1-4BAA8EF73C82} = {EAA941FA-9DA3-431F-878C-9F79731D5B14}
		{105C6977-56C8-4ED7-95E1-03DAD2432C39} = {CFB974A7-0C00-4A87-AFBE-7FDBF6BA9A2D}
		{EED8B9DC-755F-4A58-AC7D-55FB24E1A093} = {688C1503-F609-4A1A-9364-0C167D4BDB6B}
		{F2B8801E-2C7B-4EFC-9391-EE576B0A8176} = {86ACE684-81FD-41D3-B707-5A8494F9830E}
	EndGlobalSection
	GlobalSection(ExtensibilityGlobals) = postSolution
		SolutionGuid = {73E780B1-B266-416F-842C-E5343DE5E812}
	EndGlobalSection
EndGlobal
