
Microsoft Visual Studio Solution File, Format Version 12.00
# Visual Studio Version 16
VisualStudioVersion = 16.0.31112.23
MinimumVisualStudioVersion = 10.0.40219.1
Project("{2150E333-8FDC-42A3-9474-1A3956D46DE8}") = "A01 Infrastructure", "A01 Infrastructure", "{02891784-B3A3-42C3-849B-B3081A96A03B}"
EndProject
Project("{2150E333-8FDC-42A3-9474-1A3956D46DE8}") = "A03 MiddleModule", "A03 MiddleModule", "{F656469A-C9F9-4F44-8B04-B56FA6314399}"
EndProject
Project("{2150E333-8FDC-42A3-9474-1A3956D46DE8}") = "A04 GlobalSupport", "A04 GlobalSupport", "{F2F04FD2-9BEB-4A6D-8E40-5955CCAC17D9}"
EndProject
Project("{2150E333-8FDC-42A3-9474-1A3956D46DE8}") = "A02 DataBase", "A02 DataBase", "{651A3632-6B86-47E3-91F0-859E65986865}"
EndProject
Project("{9A19103F-16F7-4668-BE54-9A1E7A4F7556}") = "Spear.Inf.Core", "A01 Infrastructure\Spear.Inf.Core\Spear.Inf.Core.csproj", "{CE78826C-8A73-44AF-879D-F7044F7DD984}"
EndProject
Project("{9A19103F-16F7-4668-BE54-9A1E7A4F7556}") = "Spear.DataBase.SqlSugar", "A02 DataBase\Spear.DataBase.SqlSugar\Spear.DataBase.SqlSugar.csproj", "{6155B82A-51D3-4423-8EC5-E9EC6E429A55}"
EndProject
Project("{9A19103F-16F7-4668-BE54-9A1E7A4F7556}") = "Spear.MidM.Apollo", "A03 MiddleModule\Spear.MidM.Apollo\Spear.MidM.Apollo.csproj", "{EBF4F3CC-3EE5-4680-B109-D0D80E127462}"
EndProject
Project("{9A19103F-16F7-4668-BE54-9A1E7A4F7556}") = "Spear.MidM.Defend", "A03 MiddleModule\Spear.MidM.Defend\Spear.MidM.Defend.csproj", "{C7227F17-E502-4CED-AF03-AFA48E2316DA}"
EndProject
Project("{9A19103F-16F7-4668-BE54-9A1E7A4F7556}") = "Spear.MidM.Logger", "A03 MiddleModule\Spear.MidM.Logger\Spear.MidM.Logger.csproj", "{5A966E84-B275-442E-8011-12123329DB70}"
EndProject
Project("{9A19103F-16F7-4668-BE54-9A1E7A4F7556}") = "Spear.MidM.RabbitMQ", "A03 MiddleModule\Spear.MidM.RabbitMQ\Spear.MidM.RabbitMQ.csproj", "{095965A9-7090-4E3E-A8C5-2C17C5088FD2}"
EndProject
Project("{9A19103F-16F7-4668-BE54-9A1E7A4F7556}") = "Spear.MidM.Redis", "A03 MiddleModule\Spear.MidM.Redis\Spear.MidM.Redis.csproj", "{8DDA2F5E-3823-4107-BF61-4DB1681DA0EA}"
EndProject
Project("{9A19103F-16F7-4668-BE54-9A1E7A4F7556}") = "Spear.MidM.SessionNAuth", "A03 MiddleModule\Spear.MidM.SessionNAuth\Spear.MidM.SessionNAuth.csproj", "{41EDC570-6FF6-4A70-9237-F2ABDE9CE87A}"
EndProject
Project("{9A19103F-16F7-4668-BE54-9A1E7A4F7556}") = "Spear.DataBase.EF", "A02 DataBase\Spear.DataBase.EF\Spear.DataBase.EF.csproj", "{3505864A-742D-44C2-AFFC-EA3E0DA3CD04}"
EndProject
Project("{9A19103F-16F7-4668-BE54-9A1E7A4F7556}") = "Spear.Inf.DataFile", "A01 Infrastructure\Spear.Inf.DataFile\Spear.Inf.DataFile.csproj", "{4BA19ACF-389B-47AF-9D6B-388126D65EE9}"
EndProject
Project("{9A19103F-16F7-4668-BE54-9A1E7A4F7556}") = "Spear.MidM.Swagger", "A03 MiddleModule\Spear.MidM.Swagger\Spear.MidM.Swagger.csproj", "{6E92BE82-FCB0-4720-B0D3-549B8CE5C217}"
EndProject
Project("{9A19103F-16F7-4668-BE54-9A1E7A4F7556}") = "Spear.GlobalSupport.Base", "A04 GlobalSupport\Spear.GlobalSupport.Base\Spear.GlobalSupport.Base.csproj", "{DB4748B4-782F-4FFB-BBF4-91A2AF661CEF}"
EndProject
Project("{9A19103F-16F7-4668-BE54-9A1E7A4F7556}") = "Spear.MidM.Schedule", "A03 MiddleModule\Spear.MidM.Schedule\Spear.MidM.Schedule.csproj", "{1EC69701-D02C-44ED-AD5E-83A58AA91332}"
EndProject
Project("{9A19103F-16F7-4668-BE54-9A1E7A4F7556}") = "Spear.MidM.Permission", "A03 MiddleModule\Spear.MidM.Permission\Spear.MidM.Permission.csproj", "{AB2A574E-FBCA-4301-A13A-5F7B15811826}"
EndProject
Project("{9A19103F-16F7-4668-BE54-9A1E7A4F7556}") = "Spear.MidM.Attachment", "A03 MiddleModule\Spear.MidM.Attachment\Spear.MidM.Attachment.csproj", "{8CDBC2A3-04AF-4B53-88AC-B29BBE5FA1AE}"
EndProject
Project("{2150E333-8FDC-42A3-9474-1A3956D46DE8}") = "B01 Demo", "B01 Demo", "{6F8BDCC2-67FE-44A5-A141-DE6F0776DE36}"
EndProject
Project("{2150E333-8FDC-42A3-9474-1A3956D46DE8}") = "01 Infrastructure", "01 Infrastructure", "{0A92688F-8EEC-43FF-B64E-179B8827D243}"
EndProject
Project("{2150E333-8FDC-42A3-9474-1A3956D46DE8}") = "02 DBInstance", "02 DBInstance", "{914406D4-5920-4CD4-99A6-F50679CA340D}"
EndProject
Project("{2150E333-8FDC-42A3-9474-1A3956D46DE8}") = "03 Base", "03 Base", "{F2CFF2C1-1B4C-4EC5-9484-3989D3062FB8}"
EndProject
Project("{2150E333-8FDC-42A3-9474-1A3956D46DE8}") = "04 Host", "04 Host", "{BB2E719A-9111-4C09-8412-A1FD2AB5ED92}"
EndProject
Project("{2150E333-8FDC-42A3-9474-1A3956D46DE8}") = "05 Contract", "05 Contract", "{0058BD2D-61BB-4374-94F8-247880EBC2C3}"
EndProject
Project("{2150E333-8FDC-42A3-9474-1A3956D46DE8}") = "06 Implement", "06 Implement", "{DF88CD4C-89B5-4656-BFD1-E0264BD5313B}"
EndProject
Project("{9A19103F-16F7-4668-BE54-9A1E7A4F7556}") = "Spear.Demo.Inf", "B01 Demo\Spear.Demo.Inf\Spear.Demo.Inf.csproj", "{91A3F2B5-5BD4-4B57-AB23-97116E67A039}"
EndProject
Project("{9A19103F-16F7-4668-BE54-9A1E7A4F7556}") = "Spear.Demo.DBIns.Stainless", "B01 Demo\Spear.Demo.DBIns.Stainless\Spear.Demo.DBIns.Stainless.csproj", "{B74C06A1-7CA6-4F54-B09B-82DD1DC65EA1}"
EndProject
Project("{9A19103F-16F7-4668-BE54-9A1E7A4F7556}") = "Spear.Demo.Support", "B01 Demo\Spear.Demo.Support\Spear.Demo.Support.csproj", "{07598794-E29F-4652-A625-E1BCBCDE71D7}"
EndProject
Project("{9A19103F-16F7-4668-BE54-9A1E7A4F7556}") = "Spear.Demo4WinApp.Host", "B01 Demo\Spear.Demo4WinApp.Host\Spear.Demo4WinApp.Host.csproj", "{992B2E72-EFEA-4EAD-AFEF-A8C925DFB2A8}"
EndProject
Project("{2150E333-8FDC-42A3-9474-1A3956D46DE8}") = "Demo4WinApp", "Demo4WinApp", "{61BE069E-1E66-4834-8B62-97F047FE9CC7}"
EndProject
Project("{2150E333-8FDC-42A3-9474-1A3956D46DE8}") = "Demo4GRPC", "Demo4GRPC", "{F222A90D-2CAD-48C0-8FBD-2DD8EF670BBB}"
EndProject
Project("{9A19103F-16F7-4668-BE54-9A1E7A4F7556}") = "Spear.Demo.Contract", "B01 Demo\Spear.Demo.Contract\Spear.Demo.Contract.csproj", "{EBCAF235-86B7-4C9B-A52F-C4D2846A66E4}"
EndProject
Project("{9A19103F-16F7-4668-BE54-9A1E7A4F7556}") = "Spear.Demo.Impl", "B01 Demo\Spear.Demo.Impl\Spear.Demo.Impl.csproj", "{40405E40-5A8A-4E91-9109-F78162913232}"
EndProject
Project("{9A19103F-16F7-4668-BE54-9A1E7A4F7556}") = "Spear.Demo4GRPC.Host.Server", "B01 Demo\Spear.Demo4GRPC.Host.Server\Spear.Demo4GRPC.Host.Server.csproj", "{34F95F67-5B1F-4363-ACEA-C857BB283255}"
EndProject
Project("{9A19103F-16F7-4668-BE54-9A1E7A4F7556}") = "Spear.Demo4GRPC.Host.Client", "B01 Demo\Spear.Demo4GRPC.Host.Client\Spear.Demo4GRPC.Host.Client.csproj", "{B39874FA-A69E-4532-9174-307B156638FD}"
EndProject
Project("{2150E333-8FDC-42A3-9474-1A3956D46DE8}") = "Demo4WebApi", "Demo4WebApi", "{0D09AD0D-D8C6-43E7-B04F-563C080BF79C}"
EndProject
Project("{9A19103F-16F7-4668-BE54-9A1E7A4F7556}") = "Spear.Demo4WebApi.Host", "B01 Demo\Spear.Demo4WebApi.Host\Spear.Demo4WebApi.Host.csproj", "{6FEC3BA5-E288-4105-AB1A-72C0C2FA2D49}"
EndProject
Project("{9A19103F-16F7-4668-BE54-9A1E7A4F7556}") = "Spear.MidM.MicoServ", "A03 MiddleModule\Spear.MidM.MicoServ\Spear.MidM.MicoServ.csproj", "{A03E3DA1-FF17-43BC-BC54-5F4E8D84BA16}"
EndProject
Global
	GlobalSection(SolutionConfigurationPlatforms) = preSolution
		Debug|Any CPU = Debug|Any CPU
		Release|Any CPU = Release|Any CPU
	EndGlobalSection
	GlobalSection(ProjectConfigurationPlatforms) = postSolution
		{CE78826C-8A73-44AF-879D-F7044F7DD984}.Debug|Any CPU.ActiveCfg = Debug|Any CPU
		{CE78826C-8A73-44AF-879D-F7044F7DD984}.Debug|Any CPU.Build.0 = Debug|Any CPU
		{CE78826C-8A73-44AF-879D-F7044F7DD984}.Release|Any CPU.ActiveCfg = Release|Any CPU
		{CE78826C-8A73-44AF-879D-F7044F7DD984}.Release|Any CPU.Build.0 = Release|Any CPU
		{6155B82A-51D3-4423-8EC5-E9EC6E429A55}.Debug|Any CPU.ActiveCfg = Debug|Any CPU
		{6155B82A-51D3-4423-8EC5-E9EC6E429A55}.Debug|Any CPU.Build.0 = Debug|Any CPU
		{6155B82A-51D3-4423-8EC5-E9EC6E429A55}.Release|Any CPU.ActiveCfg = Release|Any CPU
		{6155B82A-51D3-4423-8EC5-E9EC6E429A55}.Release|Any CPU.Build.0 = Release|Any CPU
		{EBF4F3CC-3EE5-4680-B109-D0D80E127462}.Debug|Any CPU.ActiveCfg = Debug|Any CPU
		{EBF4F3CC-3EE5-4680-B109-D0D80E127462}.Debug|Any CPU.Build.0 = Debug|Any CPU
		{EBF4F3CC-3EE5-4680-B109-D0D80E127462}.Release|Any CPU.ActiveCfg = Release|Any CPU
		{EBF4F3CC-3EE5-4680-B109-D0D80E127462}.Release|Any CPU.Build.0 = Release|Any CPU
		{C7227F17-E502-4CED-AF03-AFA48E2316DA}.Debug|Any CPU.ActiveCfg = Debug|Any CPU
		{C7227F17-E502-4CED-AF03-AFA48E2316DA}.Debug|Any CPU.Build.0 = Debug|Any CPU
		{C7227F17-E502-4CED-AF03-AFA48E2316DA}.Release|Any CPU.ActiveCfg = Release|Any CPU
		{C7227F17-E502-4CED-AF03-AFA48E2316DA}.Release|Any CPU.Build.0 = Release|Any CPU
		{5A966E84-B275-442E-8011-12123329DB70}.Debug|Any CPU.ActiveCfg = Debug|Any CPU
		{5A966E84-B275-442E-8011-12123329DB70}.Debug|Any CPU.Build.0 = Debug|Any CPU
		{5A966E84-B275-442E-8011-12123329DB70}.Release|Any CPU.ActiveCfg = Release|Any CPU
		{5A966E84-B275-442E-8011-12123329DB70}.Release|Any CPU.Build.0 = Release|Any CPU
		{095965A9-7090-4E3E-A8C5-2C17C5088FD2}.Debug|Any CPU.ActiveCfg = Debug|Any CPU
		{095965A9-7090-4E3E-A8C5-2C17C5088FD2}.Debug|Any CPU.Build.0 = Debug|Any CPU
		{095965A9-7090-4E3E-A8C5-2C17C5088FD2}.Release|Any CPU.ActiveCfg = Release|Any CPU
		{095965A9-7090-4E3E-A8C5-2C17C5088FD2}.Release|Any CPU.Build.0 = Release|Any CPU
		{8DDA2F5E-3823-4107-BF61-4DB1681DA0EA}.Debug|Any CPU.ActiveCfg = Debug|Any CPU
		{8DDA2F5E-3823-4107-BF61-4DB1681DA0EA}.Debug|Any CPU.Build.0 = Debug|Any CPU
		{8DDA2F5E-3823-4107-BF61-4DB1681DA0EA}.Release|Any CPU.ActiveCfg = Release|Any CPU
		{8DDA2F5E-3823-4107-BF61-4DB1681DA0EA}.Release|Any CPU.Build.0 = Release|Any CPU
		{41EDC570-6FF6-4A70-9237-F2ABDE9CE87A}.Debug|Any CPU.ActiveCfg = Debug|Any CPU
		{41EDC570-6FF6-4A70-9237-F2ABDE9CE87A}.Debug|Any CPU.Build.0 = Debug|Any CPU
		{41EDC570-6FF6-4A70-9237-F2ABDE9CE87A}.Release|Any CPU.ActiveCfg = Release|Any CPU
		{41EDC570-6FF6-4A70-9237-F2ABDE9CE87A}.Release|Any CPU.Build.0 = Release|Any CPU
		{3505864A-742D-44C2-AFFC-EA3E0DA3CD04}.Debug|Any CPU.ActiveCfg = Debug|Any CPU
		{3505864A-742D-44C2-AFFC-EA3E0DA3CD04}.Debug|Any CPU.Build.0 = Debug|Any CPU
		{3505864A-742D-44C2-AFFC-EA3E0DA3CD04}.Release|Any CPU.ActiveCfg = Release|Any CPU
		{3505864A-742D-44C2-AFFC-EA3E0DA3CD04}.Release|Any CPU.Build.0 = Release|Any CPU
		{4BA19ACF-389B-47AF-9D6B-388126D65EE9}.Debug|Any CPU.ActiveCfg = Debug|Any CPU
		{4BA19ACF-389B-47AF-9D6B-388126D65EE9}.Debug|Any CPU.Build.0 = Debug|Any CPU
		{4BA19ACF-389B-47AF-9D6B-388126D65EE9}.Release|Any CPU.ActiveCfg = Release|Any CPU
		{4BA19ACF-389B-47AF-9D6B-388126D65EE9}.Release|Any CPU.Build.0 = Release|Any CPU
		{6E92BE82-FCB0-4720-B0D3-549B8CE5C217}.Debug|Any CPU.ActiveCfg = Debug|Any CPU
		{6E92BE82-FCB0-4720-B0D3-549B8CE5C217}.Debug|Any CPU.Build.0 = Debug|Any CPU
		{6E92BE82-FCB0-4720-B0D3-549B8CE5C217}.Release|Any CPU.ActiveCfg = Release|Any CPU
		{6E92BE82-FCB0-4720-B0D3-549B8CE5C217}.Release|Any CPU.Build.0 = Release|Any CPU
		{DB4748B4-782F-4FFB-BBF4-91A2AF661CEF}.Debug|Any CPU.ActiveCfg = Debug|Any CPU
		{DB4748B4-782F-4FFB-BBF4-91A2AF661CEF}.Debug|Any CPU.Build.0 = Debug|Any CPU
		{DB4748B4-782F-4FFB-BBF4-91A2AF661CEF}.Release|Any CPU.ActiveCfg = Release|Any CPU
		{DB4748B4-782F-4FFB-BBF4-91A2AF661CEF}.Release|Any CPU.Build.0 = Release|Any CPU
		{1EC69701-D02C-44ED-AD5E-83A58AA91332}.Debug|Any CPU.ActiveCfg = Debug|Any CPU
		{1EC69701-D02C-44ED-AD5E-83A58AA91332}.Debug|Any CPU.Build.0 = Debug|Any CPU
		{1EC69701-D02C-44ED-AD5E-83A58AA91332}.Release|Any CPU.ActiveCfg = Release|Any CPU
		{1EC69701-D02C-44ED-AD5E-83A58AA91332}.Release|Any CPU.Build.0 = Release|Any CPU
		{AB2A574E-FBCA-4301-A13A-5F7B15811826}.Debug|Any CPU.ActiveCfg = Debug|Any CPU
		{AB2A574E-FBCA-4301-A13A-5F7B15811826}.Debug|Any CPU.Build.0 = Debug|Any CPU
		{AB2A574E-FBCA-4301-A13A-5F7B15811826}.Release|Any CPU.ActiveCfg = Release|Any CPU
		{AB2A574E-FBCA-4301-A13A-5F7B15811826}.Release|Any CPU.Build.0 = Release|Any CPU
		{8CDBC2A3-04AF-4B53-88AC-B29BBE5FA1AE}.Debug|Any CPU.ActiveCfg = Debug|Any CPU
		{8CDBC2A3-04AF-4B53-88AC-B29BBE5FA1AE}.Debug|Any CPU.Build.0 = Debug|Any CPU
		{8CDBC2A3-04AF-4B53-88AC-B29BBE5FA1AE}.Release|Any CPU.ActiveCfg = Release|Any CPU
		{8CDBC2A3-04AF-4B53-88AC-B29BBE5FA1AE}.Release|Any CPU.Build.0 = Release|Any CPU
		{91A3F2B5-5BD4-4B57-AB23-97116E67A039}.Debug|Any CPU.ActiveCfg = Debug|Any CPU
		{91A3F2B5-5BD4-4B57-AB23-97116E67A039}.Debug|Any CPU.Build.0 = Debug|Any CPU
		{91A3F2B5-5BD4-4B57-AB23-97116E67A039}.Release|Any CPU.ActiveCfg = Release|Any CPU
		{91A3F2B5-5BD4-4B57-AB23-97116E67A039}.Release|Any CPU.Build.0 = Release|Any CPU
		{B74C06A1-7CA6-4F54-B09B-82DD1DC65EA1}.Debug|Any CPU.ActiveCfg = Debug|Any CPU
		{B74C06A1-7CA6-4F54-B09B-82DD1DC65EA1}.Debug|Any CPU.Build.0 = Debug|Any CPU
		{B74C06A1-7CA6-4F54-B09B-82DD1DC65EA1}.Release|Any CPU.ActiveCfg = Release|Any CPU
		{B74C06A1-7CA6-4F54-B09B-82DD1DC65EA1}.Release|Any CPU.Build.0 = Release|Any CPU
		{07598794-E29F-4652-A625-E1BCBCDE71D7}.Debug|Any CPU.ActiveCfg = Debug|Any CPU
		{07598794-E29F-4652-A625-E1BCBCDE71D7}.Debug|Any CPU.Build.0 = Debug|Any CPU
		{07598794-E29F-4652-A625-E1BCBCDE71D7}.Release|Any CPU.ActiveCfg = Release|Any CPU
		{07598794-E29F-4652-A625-E1BCBCDE71D7}.Release|Any CPU.Build.0 = Release|Any CPU
		{992B2E72-EFEA-4EAD-AFEF-A8C925DFB2A8}.Debug|Any CPU.ActiveCfg = Debug|Any CPU
		{992B2E72-EFEA-4EAD-AFEF-A8C925DFB2A8}.Debug|Any CPU.Build.0 = Debug|Any CPU
		{992B2E72-EFEA-4EAD-AFEF-A8C925DFB2A8}.Release|Any CPU.ActiveCfg = Release|Any CPU
		{992B2E72-EFEA-4EAD-AFEF-A8C925DFB2A8}.Release|Any CPU.Build.0 = Release|Any CPU
		{EBCAF235-86B7-4C9B-A52F-C4D2846A66E4}.Debug|Any CPU.ActiveCfg = Debug|Any CPU
		{EBCAF235-86B7-4C9B-A52F-C4D2846A66E4}.Debug|Any CPU.Build.0 = Debug|Any CPU
		{EBCAF235-86B7-4C9B-A52F-C4D2846A66E4}.Release|Any CPU.ActiveCfg = Release|Any CPU
		{EBCAF235-86B7-4C9B-A52F-C4D2846A66E4}.Release|Any CPU.Build.0 = Release|Any CPU
		{40405E40-5A8A-4E91-9109-F78162913232}.Debug|Any CPU.ActiveCfg = Debug|Any CPU
		{40405E40-5A8A-4E91-9109-F78162913232}.Debug|Any CPU.Build.0 = Debug|Any CPU
		{40405E40-5A8A-4E91-9109-F78162913232}.Release|Any CPU.ActiveCfg = Release|Any CPU
		{40405E40-5A8A-4E91-9109-F78162913232}.Release|Any CPU.Build.0 = Release|Any CPU
		{34F95F67-5B1F-4363-ACEA-C857BB283255}.Debug|Any CPU.ActiveCfg = Debug|Any CPU
		{34F95F67-5B1F-4363-ACEA-C857BB283255}.Debug|Any CPU.Build.0 = Debug|Any CPU
		{34F95F67-5B1F-4363-ACEA-C857BB283255}.Release|Any CPU.ActiveCfg = Release|Any CPU
		{34F95F67-5B1F-4363-ACEA-C857BB283255}.Release|Any CPU.Build.0 = Release|Any CPU
		{B39874FA-A69E-4532-9174-307B156638FD}.Debug|Any CPU.ActiveCfg = Debug|Any CPU
		{B39874FA-A69E-4532-9174-307B156638FD}.Debug|Any CPU.Build.0 = Debug|Any CPU
		{B39874FA-A69E-4532-9174-307B156638FD}.Release|Any CPU.ActiveCfg = Release|Any CPU
		{B39874FA-A69E-4532-9174-307B156638FD}.Release|Any CPU.Build.0 = Release|Any CPU
		{6FEC3BA5-E288-4105-AB1A-72C0C2FA2D49}.Debug|Any CPU.ActiveCfg = Debug|Any CPU
		{6FEC3BA5-E288-4105-AB1A-72C0C2FA2D49}.Debug|Any CPU.Build.0 = Debug|Any CPU
		{6FEC3BA5-E288-4105-AB1A-72C0C2FA2D49}.Release|Any CPU.ActiveCfg = Release|Any CPU
		{6FEC3BA5-E288-4105-AB1A-72C0C2FA2D49}.Release|Any CPU.Build.0 = Release|Any CPU
		{A03E3DA1-FF17-43BC-BC54-5F4E8D84BA16}.Debug|Any CPU.ActiveCfg = Debug|Any CPU
		{A03E3DA1-FF17-43BC-BC54-5F4E8D84BA16}.Debug|Any CPU.Build.0 = Debug|Any CPU
		{A03E3DA1-FF17-43BC-BC54-5F4E8D84BA16}.Release|Any CPU.ActiveCfg = Release|Any CPU
		{A03E3DA1-FF17-43BC-BC54-5F4E8D84BA16}.Release|Any CPU.Build.0 = Release|Any CPU
	EndGlobalSection
	GlobalSection(SolutionProperties) = preSolution
		HideSolutionNode = FALSE
	EndGlobalSection
	GlobalSection(NestedProjects) = preSolution
		{CE78826C-8A73-44AF-879D-F7044F7DD984} = {02891784-B3A3-42C3-849B-B3081A96A03B}
		{6155B82A-51D3-4423-8EC5-E9EC6E429A55} = {651A3632-6B86-47E3-91F0-859E65986865}
		{EBF4F3CC-3EE5-4680-B109-D0D80E127462} = {F656469A-C9F9-4F44-8B04-B56FA6314399}
		{C7227F17-E502-4CED-AF03-AFA48E2316DA} = {F656469A-C9F9-4F44-8B04-B56FA6314399}
		{5A966E84-B275-442E-8011-12123329DB70} = {F656469A-C9F9-4F44-8B04-B56FA6314399}
		{095965A9-7090-4E3E-A8C5-2C17C5088FD2} = {F656469A-C9F9-4F44-8B04-B56FA6314399}
		{8DDA2F5E-3823-4107-BF61-4DB1681DA0EA} = {F656469A-C9F9-4F44-8B04-B56FA6314399}
		{41EDC570-6FF6-4A70-9237-F2ABDE9CE87A} = {F656469A-C9F9-4F44-8B04-B56FA6314399}
		{3505864A-742D-44C2-AFFC-EA3E0DA3CD04} = {651A3632-6B86-47E3-91F0-859E65986865}
		{4BA19ACF-389B-47AF-9D6B-388126D65EE9} = {02891784-B3A3-42C3-849B-B3081A96A03B}
		{6E92BE82-FCB0-4720-B0D3-549B8CE5C217} = {F656469A-C9F9-4F44-8B04-B56FA6314399}
		{DB4748B4-782F-4FFB-BBF4-91A2AF661CEF} = {F2F04FD2-9BEB-4A6D-8E40-5955CCAC17D9}
		{1EC69701-D02C-44ED-AD5E-83A58AA91332} = {F656469A-C9F9-4F44-8B04-B56FA6314399}
		{AB2A574E-FBCA-4301-A13A-5F7B15811826} = {F656469A-C9F9-4F44-8B04-B56FA6314399}
		{8CDBC2A3-04AF-4B53-88AC-B29BBE5FA1AE} = {F656469A-C9F9-4F44-8B04-B56FA6314399}
		{0A92688F-8EEC-43FF-B64E-179B8827D243} = {6F8BDCC2-67FE-44A5-A141-DE6F0776DE36}
		{914406D4-5920-4CD4-99A6-F50679CA340D} = {6F8BDCC2-67FE-44A5-A141-DE6F0776DE36}
		{F2CFF2C1-1B4C-4EC5-9484-3989D3062FB8} = {6F8BDCC2-67FE-44A5-A141-DE6F0776DE36}
		{BB2E719A-9111-4C09-8412-A1FD2AB5ED92} = {6F8BDCC2-67FE-44A5-A141-DE6F0776DE36}
		{0058BD2D-61BB-4374-94F8-247880EBC2C3} = {6F8BDCC2-67FE-44A5-A141-DE6F0776DE36}
		{DF88CD4C-89B5-4656-BFD1-E0264BD5313B} = {6F8BDCC2-67FE-44A5-A141-DE6F0776DE36}
		{91A3F2B5-5BD4-4B57-AB23-97116E67A039} = {0A92688F-8EEC-43FF-B64E-179B8827D243}
		{B74C06A1-7CA6-4F54-B09B-82DD1DC65EA1} = {914406D4-5920-4CD4-99A6-F50679CA340D}
		{07598794-E29F-4652-A625-E1BCBCDE71D7} = {F2CFF2C1-1B4C-4EC5-9484-3989D3062FB8}
		{992B2E72-EFEA-4EAD-AFEF-A8C925DFB2A8} = {61BE069E-1E66-4834-8B62-97F047FE9CC7}
		{61BE069E-1E66-4834-8B62-97F047FE9CC7} = {BB2E719A-9111-4C09-8412-A1FD2AB5ED92}
		{F222A90D-2CAD-48C0-8FBD-2DD8EF670BBB} = {BB2E719A-9111-4C09-8412-A1FD2AB5ED92}
		{EBCAF235-86B7-4C9B-A52F-C4D2846A66E4} = {0058BD2D-61BB-4374-94F8-247880EBC2C3}
		{40405E40-5A8A-4E91-9109-F78162913232} = {DF88CD4C-89B5-4656-BFD1-E0264BD5313B}
		{34F95F67-5B1F-4363-ACEA-C857BB283255} = {F222A90D-2CAD-48C0-8FBD-2DD8EF670BBB}
		{B39874FA-A69E-4532-9174-307B156638FD} = {F222A90D-2CAD-48C0-8FBD-2DD8EF670BBB}
		{0D09AD0D-D8C6-43E7-B04F-563C080BF79C} = {BB2E719A-9111-4C09-8412-A1FD2AB5ED92}
		{6FEC3BA5-E288-4105-AB1A-72C0C2FA2D49} = {0D09AD0D-D8C6-43E7-B04F-563C080BF79C}
		{A03E3DA1-FF17-43BC-BC54-5F4E8D84BA16} = {F656469A-C9F9-4F44-8B04-B56FA6314399}
	EndGlobalSection
	GlobalSection(ExtensibilityGlobals) = postSolution
		SolutionGuid = {A47E5485-EB9D-4BF4-96F4-1EAF60F3DB37}
	EndGlobalSection
EndGlobal
