
Microsoft Visual Studio Solution File, Format Version 12.00
# Visual Studio Version 16
VisualStudioVersion = 16.0.31112.23
MinimumVisualStudioVersion = 10.0.40219.1
Project("{2150E333-8FDC-42A3-9474-1A3956D46DE8}") = "A01 Infrastructure", "A01 Infrastructure", "{02891784-B3A3-42C3-849B-B3081A96A03B}"
EndProject
Project("{2150E333-8FDC-42A3-9474-1A3956D46DE8}") = "A03 MiddleModule", "A03 MiddleModule", "{F656469A-C9F9-4F44-8B04-B56FA6314399}"
EndProject
Project("{2150E333-8FDC-42A3-9474-1A3956D46DE8}") = "A04 GlobalSupport", "A04 GlobalSupport", "{F2F04FD2-9BEB-4A6D-8E40-5955CCAC17D9}"
EndProject
Project("{2150E333-8FDC-42A3-9474-1A3956D46DE8}") = "A02 DataBase", "A02 DataBase", "{651A3632-6B86-47E3-91F0-859E65986865}"
EndProject
Project("{9A19103F-16F7-4668-BE54-9A1E7A4F7556}") = "Spear.Inf.Core", "A01 Infrastructure\Spear.Inf.Core\Spear.Inf.Core.csproj", "{CE78826C-8A73-44AF-879D-F7044F7DD984}"
EndProject
Project("{9A19103F-16F7-4668-BE54-9A1E7A4F7556}") = "Spear.DataBase.SqlSugar", "A02 DataBase\Spear.DataBase.SqlSugar\Spear.DataBase.SqlSugar.csproj", "{6155B82A-51D3-4423-8EC5-E9EC6E429A55}"
EndProject
Project("{9A19103F-16F7-4668-BE54-9A1E7A4F7556}") = "Spear.MidM.Apollo", "A03 MiddleModule\Spear.MidM.Apollo\Spear.MidM.Apollo.csproj", "{EBF4F3CC-3EE5-4680-B109-D0D80E127462}"
EndProject
Project("{9A19103F-16F7-4668-BE54-9A1E7A4F7556}") = "Spear.MidM.Defend", "A03 MiddleModule\Spear.MidM.Defend\Spear.MidM.Defend.csproj", "{C7227F17-E502-4CED-AF03-AFA48E2316DA}"
EndProject
Project("{9A19103F-16F7-4668-BE54-9A1E7A4F7556}") = "Spear.MidM.Logger", "A03 MiddleModule\Spear.MidM.Logger\Spear.MidM.Logger.csproj", "{5A966E84-B275-442E-8011-12123329DB70}"
EndProject
Project("{9A19103F-16F7-4668-BE54-9A1E7A4F7556}") = "Spear.MidM.RabbitMQ", "A03 MiddleModule\Spear.MidM.RabbitMQ\Spear.MidM.RabbitMQ.csproj", "{095965A9-7090-4E3E-A8C5-2C17C5088FD2}"
EndProject
Project("{9A19103F-16F7-4668-BE54-9A1E7A4F7556}") = "Spear.MidM.Redis", "A03 MiddleModule\Spear.MidM.Redis\Spear.MidM.Redis.csproj", "{8DDA2F5E-3823-4107-BF61-4DB1681DA0EA}"
EndProject
Project("{9A19103F-16F7-4668-BE54-9A1E7A4F7556}") = "Spear.MidM.SessionNAuth", "A03 MiddleModule\Spear.MidM.SessionNAuth\Spear.MidM.SessionNAuth.csproj", "{41EDC570-6FF6-4A70-9237-F2ABDE9CE87A}"
EndProject
Project("{9A19103F-16F7-4668-BE54-9A1E7A4F7556}") = "Spear.DataBase.EF", "A02 DataBase\Spear.DataBase.EF\Spear.DataBase.EF.csproj", "{3505864A-742D-44C2-AFFC-EA3E0DA3CD04}"
EndProject
Project("{9A19103F-16F7-4668-BE54-9A1E7A4F7556}") = "Spear.Inf.DataFile", "A01 Infrastructure\Spear.Inf.DataFile\Spear.Inf.DataFile.csproj", "{4BA19ACF-389B-47AF-9D6B-388126D65EE9}"
EndProject
Project("{9A19103F-16F7-4668-BE54-9A1E7A4F7556}") = "Spear.MidM.Swagger", "A03 MiddleModule\Spear.MidM.Swagger\Spear.MidM.Swagger.csproj", "{6E92BE82-FCB0-4720-B0D3-549B8CE5C217}"
EndProject
Project("{9A19103F-16F7-4668-BE54-9A1E7A4F7556}") = "Spear.GlobalSupport.Base", "A04 GlobalSupport\Spear.GlobalSupport.Base\Spear.GlobalSupport.Base.csproj", "{DB4748B4-782F-4FFB-BBF4-91A2AF661CEF}"
EndProject
Project("{9A19103F-16F7-4668-BE54-9A1E7A4F7556}") = "Spear.MidM.Schedule", "A03 MiddleModule\Spear.MidM.Schedule\Spear.MidM.Schedule.csproj", "{1EC69701-D02C-44ED-AD5E-83A58AA91332}"
EndProject
Global
	GlobalSection(SolutionConfigurationPlatforms) = preSolution
		Debug|Any CPU = Debug|Any CPU
		Release|Any CPU = Release|Any CPU
	EndGlobalSection
	GlobalSection(ProjectConfigurationPlatforms) = postSolution
		{CE78826C-8A73-44AF-879D-F7044F7DD984}.Debug|Any CPU.ActiveCfg = Debug|Any CPU
		{CE78826C-8A73-44AF-879D-F7044F7DD984}.Debug|Any CPU.Build.0 = Debug|Any CPU
		{CE78826C-8A73-44AF-879D-F7044F7DD984}.Release|Any CPU.ActiveCfg = Release|Any CPU
		{CE78826C-8A73-44AF-879D-F7044F7DD984}.Release|Any CPU.Build.0 = Release|Any CPU
		{6155B82A-51D3-4423-8EC5-E9EC6E429A55}.Debug|Any CPU.ActiveCfg = Debug|Any CPU
		{6155B82A-51D3-4423-8EC5-E9EC6E429A55}.Debug|Any CPU.Build.0 = Debug|Any CPU
		{6155B82A-51D3-4423-8EC5-E9EC6E429A55}.Release|Any CPU.ActiveCfg = Release|Any CPU
		{6155B82A-51D3-4423-8EC5-E9EC6E429A55}.Release|Any CPU.Build.0 = Release|Any CPU
		{EBF4F3CC-3EE5-4680-B109-D0D80E127462}.Debug|Any CPU.ActiveCfg = Debug|Any CPU
		{EBF4F3CC-3EE5-4680-B109-D0D80E127462}.Debug|Any CPU.Build.0 = Debug|Any CPU
		{EBF4F3CC-3EE5-4680-B109-D0D80E127462}.Release|Any CPU.ActiveCfg = Release|Any CPU
		{EBF4F3CC-3EE5-4680-B109-D0D80E127462}.Release|Any CPU.Build.0 = Release|Any CPU
		{C7227F17-E502-4CED-AF03-AFA48E2316DA}.Debug|Any CPU.ActiveCfg = Debug|Any CPU
		{C7227F17-E502-4CED-AF03-AFA48E2316DA}.Debug|Any CPU.Build.0 = Debug|Any CPU
		{C7227F17-E502-4CED-AF03-AFA48E2316DA}.Release|Any CPU.ActiveCfg = Release|Any CPU
		{C7227F17-E502-4CED-AF03-AFA48E2316DA}.Release|Any CPU.Build.0 = Release|Any CPU
		{5A966E84-B275-442E-8011-12123329DB70}.Debug|Any CPU.ActiveCfg = Debug|Any CPU
		{5A966E84-B275-442E-8011-12123329DB70}.Debug|Any CPU.Build.0 = Debug|Any CPU
		{5A966E84-B275-442E-8011-12123329DB70}.Release|Any CPU.ActiveCfg = Release|Any CPU
		{5A966E84-B275-442E-8011-12123329DB70}.Release|Any CPU.Build.0 = Release|Any CPU
		{095965A9-7090-4E3E-A8C5-2C17C5088FD2}.Debug|Any CPU.ActiveCfg = Debug|Any CPU
		{095965A9-7090-4E3E-A8C5-2C17C5088FD2}.Debug|Any CPU.Build.0 = Debug|Any CPU
		{095965A9-7090-4E3E-A8C5-2C17C5088FD2}.Release|Any CPU.ActiveCfg = Release|Any CPU
		{095965A9-7090-4E3E-A8C5-2C17C5088FD2}.Release|Any CPU.Build.0 = Release|Any CPU
		{8DDA2F5E-3823-4107-BF61-4DB1681DA0EA}.Debug|Any CPU.ActiveCfg = Debug|Any CPU
		{8DDA2F5E-3823-4107-BF61-4DB1681DA0EA}.Debug|Any CPU.Build.0 = Debug|Any CPU
		{8DDA2F5E-3823-4107-BF61-4DB1681DA0EA}.Release|Any CPU.ActiveCfg = Release|Any CPU
		{8DDA2F5E-3823-4107-BF61-4DB1681DA0EA}.Release|Any CPU.Build.0 = Release|Any CPU
		{41EDC570-6FF6-4A70-9237-F2ABDE9CE87A}.Debug|Any CPU.ActiveCfg = Debug|Any CPU
		{41EDC570-6FF6-4A70-9237-F2ABDE9CE87A}.Debug|Any CPU.Build.0 = Debug|Any CPU
		{41EDC570-6FF6-4A70-9237-F2ABDE9CE87A}.Release|Any CPU.ActiveCfg = Release|Any CPU
		{41EDC570-6FF6-4A70-9237-F2ABDE9CE87A}.Release|Any CPU.Build.0 = Release|Any CPU
		{3505864A-742D-44C2-AFFC-EA3E0DA3CD04}.Debug|Any CPU.ActiveCfg = Debug|Any CPU
		{3505864A-742D-44C2-AFFC-EA3E0DA3CD04}.Debug|Any CPU.Build.0 = Debug|Any CPU
		{3505864A-742D-44C2-AFFC-EA3E0DA3CD04}.Release|Any CPU.ActiveCfg = Release|Any CPU
		{3505864A-742D-44C2-AFFC-EA3E0DA3CD04}.Release|Any CPU.Build.0 = Release|Any CPU
		{4BA19ACF-389B-47AF-9D6B-388126D65EE9}.Debug|Any CPU.ActiveCfg = Debug|Any CPU
		{4BA19ACF-389B-47AF-9D6B-388126D65EE9}.Debug|Any CPU.Build.0 = Debug|Any CPU
		{4BA19ACF-389B-47AF-9D6B-388126D65EE9}.Release|Any CPU.ActiveCfg = Release|Any CPU
		{4BA19ACF-389B-47AF-9D6B-388126D65EE9}.Release|Any CPU.Build.0 = Release|Any CPU
		{6E92BE82-FCB0-4720-B0D3-549B8CE5C217}.Debug|Any CPU.ActiveCfg = Debug|Any CPU
		{6E92BE82-FCB0-4720-B0D3-549B8CE5C217}.Debug|Any CPU.Build.0 = Debug|Any CPU
		{6E92BE82-FCB0-4720-B0D3-549B8CE5C217}.Release|Any CPU.ActiveCfg = Release|Any CPU
		{6E92BE82-FCB0-4720-B0D3-549B8CE5C217}.Release|Any CPU.Build.0 = Release|Any CPU
		{DB4748B4-782F-4FFB-BBF4-91A2AF661CEF}.Debug|Any CPU.ActiveCfg = Debug|Any CPU
		{DB4748B4-782F-4FFB-BBF4-91A2AF661CEF}.Debug|Any CPU.Build.0 = Debug|Any CPU
		{DB4748B4-782F-4FFB-BBF4-91A2AF661CEF}.Release|Any CPU.ActiveCfg = Release|Any CPU
		{DB4748B4-782F-4FFB-BBF4-91A2AF661CEF}.Release|Any CPU.Build.0 = Release|Any CPU
		{1EC69701-D02C-44ED-AD5E-83A58AA91332}.Debug|Any CPU.ActiveCfg = Debug|Any CPU
		{1EC69701-D02C-44ED-AD5E-83A58AA91332}.Debug|Any CPU.Build.0 = Debug|Any CPU
		{1EC69701-D02C-44ED-AD5E-83A58AA91332}.Release|Any CPU.ActiveCfg = Release|Any CPU
		{1EC69701-D02C-44ED-AD5E-83A58AA91332}.Release|Any CPU.Build.0 = Release|Any CPU
	EndGlobalSection
	GlobalSection(SolutionProperties) = preSolution
		HideSolutionNode = FALSE
	EndGlobalSection
	GlobalSection(NestedProjects) = preSolution
		{CE78826C-8A73-44AF-879D-F7044F7DD984} = {02891784-B3A3-42C3-849B-B3081A96A03B}
		{6155B82A-51D3-4423-8EC5-E9EC6E429A55} = {651A3632-6B86-47E3-91F0-859E65986865}
		{EBF4F3CC-3EE5-4680-B109-D0D80E127462} = {F656469A-C9F9-4F44-8B04-B56FA6314399}
		{C7227F17-E502-4CED-AF03-AFA48E2316DA} = {F656469A-C9F9-4F44-8B04-B56FA6314399}
		{5A966E84-B275-442E-8011-12123329DB70} = {F656469A-C9F9-4F44-8B04-B56FA6314399}
		{095965A9-7090-4E3E-A8C5-2C17C5088FD2} = {F656469A-C9F9-4F44-8B04-B56FA6314399}
		{8DDA2F5E-3823-4107-BF61-4DB1681DA0EA} = {F656469A-C9F9-4F44-8B04-B56FA6314399}
		{41EDC570-6FF6-4A70-9237-F2ABDE9CE87A} = {F656469A-C9F9-4F44-8B04-B56FA6314399}
		{3505864A-742D-44C2-AFFC-EA3E0DA3CD04} = {651A3632-6B86-47E3-91F0-859E65986865}
		{4BA19ACF-389B-47AF-9D6B-388126D65EE9} = {02891784-B3A3-42C3-849B-B3081A96A03B}
		{6E92BE82-FCB0-4720-B0D3-549B8CE5C217} = {F656469A-C9F9-4F44-8B04-B56FA6314399}
		{DB4748B4-782F-4FFB-BBF4-91A2AF661CEF} = {F2F04FD2-9BEB-4A6D-8E40-5955CCAC17D9}
		{1EC69701-D02C-44ED-AD5E-83A58AA91332} = {F656469A-C9F9-4F44-8B04-B56FA6314399}
	EndGlobalSection
	GlobalSection(ExtensibilityGlobals) = postSolution
		SolutionGuid = {A47E5485-EB9D-4BF4-96F4-1EAF60F3DB37}
	EndGlobalSection
EndGlobal
